
Microsoft Visual Studio Solution File, Format Version 12.00
# Visual Studio Version 16
VisualStudioVersion = 16.0.30011.22
MinimumVisualStudioVersion = 10.0.40219.1
Project("{FAE04EC0-301F-11D3-BF4B-00C04F79EFBC}") = "Calc", "Calc\Calc.csproj", "{84B0E944-FE86-48E9-A92F-7663E513F40D}"
EndProject
Global
	GlobalSection(SolutionConfigurationPlatforms) = preSolution
		Debug|Any CPU = Debug|Any CPU
		Release|Any CPU = Release|Any CPU
	EndGlobalSection
	GlobalSection(ProjectConfigurationPlatforms) = postSolution
		{84B0E944-FE86-48E9-A92F-7663E513F40D}.Debug|Any CPU.ActiveCfg = Debug|Any CPU
		{84B0E944-FE86-48E9-A92F-7663E513F40D}.Debug|Any CPU.Build.0 = Debug|Any CPU
		{84B0E944-FE86-48E9-A92F-7663E513F40D}.Release|Any CPU.ActiveCfg = Release|Any CPU
		{84B0E944-FE86-48E9-A92F-7663E513F40D}.Release|Any CPU.Build.0 = Release|Any CPU
	EndGlobalSection
	GlobalSection(SolutionProperties) = preSolution
		HideSolutionNode = FALSE
	EndGlobalSection
	GlobalSection(ExtensibilityGlobals) = postSolution
		SolutionGuid = {2859A811-3606-4801-A6E9-2F0176F7A5B2}
	EndGlobalSection
EndGlobal
